#MicroXplorer Configuration settings - do not modify
File.Version=6
KeepUserPlacement=false
Mcu.Family=STM32F3
Mcu.IP0=NVIC
Mcu.IP1=RCC
Mcu.IP2=SYS
Mcu.IP3=TIM1
Mcu.IP4=TIM2
Mcu.IP5=USART1
Mcu.IP6=USART3
Mcu.IPNb=7
Mcu.Name=STM32F302C(B-C)Tx
Mcu.Package=LQFP48
Mcu.Pin0=PC13
Mcu.Pin1=PC14-OSC32_IN
Mcu.Pin10=PA6
Mcu.Pin11=PA7
Mcu.Pin12=PB10
Mcu.Pin13=PB11
Mcu.Pin14=PB12
Mcu.Pin15=PB13
Mcu.Pin16=PB14
Mcu.Pin17=PB15
Mcu.Pin18=PA8
Mcu.Pin19=PA9
Mcu.Pin2=PF0-OSC_IN
Mcu.Pin20=PA10
Mcu.Pin21=PA11
Mcu.Pin22=PA12
Mcu.Pin23=PA13
Mcu.Pin24=PA14
Mcu.Pin25=PA15
Mcu.Pin26=PB3
Mcu.Pin27=PB6
Mcu.Pin28=PB7
Mcu.Pin29=PB8
Mcu.Pin3=PF1-OSC_OUT
Mcu.Pin30=PB9
Mcu.Pin31=VP_SYS_VS_Systick
Mcu.Pin4=PA0
Mcu.Pin5=PA1
Mcu.Pin6=PA2
Mcu.Pin7=PA3
Mcu.Pin8=PA4
Mcu.Pin9=PA5
Mcu.PinsNb=32
Mcu.ThirdPartyNb=0
Mcu.UserConstants=
Mcu.UserName=STM32F302CBTx
MxCube.Version=4.24.0
MxDb.Version=DB.4.0.240
NVIC.BusFault_IRQn=true\:0\:0\:false\:false\:true\:false
NVIC.DebugMonitor_IRQn=true\:0\:0\:false\:false\:true\:false
NVIC.HardFault_IRQn=true\:0\:0\:false\:false\:true\:false
NVIC.MemoryManagement_IRQn=true\:0\:0\:false\:false\:true\:false
NVIC.NonMaskableInt_IRQn=true\:0\:0\:false\:false\:true\:false
NVIC.PendSV_IRQn=true\:0\:0\:false\:false\:true\:false
NVIC.PriorityGroup=NVIC_PRIORITYGROUP_4
NVIC.SVCall_IRQn=true\:0\:0\:false\:false\:true\:false
NVIC.SysTick_IRQn=true\:0\:0\:false\:false\:true\:false
NVIC.USART1_IRQn=true\:0\:0\:false\:false\:true\:true
NVIC.USART3_IRQn=true\:0\:0\:false\:false\:true\:true
NVIC.UsageFault_IRQn=true\:0\:0\:false\:false\:true\:false
PA0.GPIOParameters=GPIO_PuPd,GPIO_Label,GPIO_ModeDefaultEXTI
PA0.GPIO_Label=CHA_RF
PA0.GPIO_ModeDefaultEXTI=GPIO_MODE_IT_RISING_FALLING
PA0.GPIO_PuPd=GPIO_NOPULL
PA0.Locked=true
PA0.Signal=GPXTI0
PA1.GPIOParameters=GPIO_PuPd,GPIO_Label,GPIO_ModeDefaultEXTI
PA1.GPIO_Label=CHB_RF
PA1.GPIO_ModeDefaultEXTI=GPIO_MODE_IT_RISING_FALLING
PA1.GPIO_PuPd=GPIO_NOPULL
PA1.Locked=true
PA1.Signal=GPXTI1
PA10.GPIOParameters=GPIO_Label
PA10.GPIO_Label=PWM_LF
PA10.Signal=S_TIM1_CH3
PA11.GPIOParameters=GPIO_Label
PA11.GPIO_Label=PWM_LB
PA11.Signal=S_TIM1_CH4
PA12.GPIOParameters=GPIO_Label
PA12.GPIO_Label=FR_LB
PA12.Locked=true
PA12.Signal=GPIO_Output
PA13.Locked=true
PA13.Mode=Serial_Wire
PA13.Signal=SYS_JTMS-SWDIO
PA14.Locked=true
PA14.Mode=Serial_Wire
PA14.Signal=SYS_JTCK-SWCLK
PA15.GPIOParameters=GPIO_Label
PA15.GPIO_Label=FR_RB
PA15.Locked=true
PA15.Signal=GPIO_Output
PA2.GPIOParameters=GPIO_PuPd,GPIO_Label,GPIO_ModeDefaultEXTI
PA2.GPIO_Label=CHA_RB
PA2.GPIO_ModeDefaultEXTI=GPIO_MODE_IT_RISING_FALLING
PA2.GPIO_PuPd=GPIO_NOPULL
PA2.Locked=true
PA2.Signal=GPXTI2
PA3.GPIOParameters=GPIO_PuPd,GPIO_Label,GPIO_ModeDefaultEXTI
PA3.GPIO_Label=CHB_RB
PA3.GPIO_ModeDefaultEXTI=GPIO_MODE_IT_RISING_FALLING
PA3.GPIO_PuPd=GPIO_NOPULL
PA3.Locked=true
PA3.Signal=GPXTI3
PA4.GPIOParameters=GPIO_PuPd,GPIO_Label,GPIO_ModeDefaultEXTI
PA4.GPIO_Label=CHA_LB
PA4.GPIO_ModeDefaultEXTI=GPIO_MODE_IT_RISING_FALLING
PA4.GPIO_PuPd=GPIO_NOPULL
PA4.Locked=true
PA4.Signal=GPXTI4
PA5.GPIOParameters=GPIO_PuPd,GPIO_Label,GPIO_ModeDefaultEXTI
PA5.GPIO_Label=CHB_LB
PA5.GPIO_ModeDefaultEXTI=GPIO_MODE_IT_RISING_FALLING
PA5.GPIO_PuPd=GPIO_NOPULL
PA5.Locked=true
PA5.Signal=GPXTI5
PA6.GPIOParameters=GPIO_PuPd,GPIO_Label,GPIO_ModeDefaultEXTI
PA6.GPIO_Label=CHA_LF
PA6.GPIO_ModeDefaultEXTI=GPIO_MODE_IT_RISING_FALLING
PA6.GPIO_PuPd=GPIO_NOPULL
PA6.Locked=true
PA6.Signal=GPXTI6
PA7.GPIOParameters=GPIO_PuPd,GPIO_Label,GPIO_ModeDefaultEXTI
PA7.GPIO_Label=CHB_LF
PA7.GPIO_ModeDefaultEXTI=GPIO_MODE_IT_RISING_FALLING
PA7.GPIO_PuPd=GPIO_NOPULL
PA7.Locked=true
PA7.Signal=GPXTI7
PA8.GPIOParameters=GPIO_Speed
PA8.GPIO_Speed=GPIO_SPEED_FREQ_HIGH
PA8.Mode=Clock-out
PA8.Signal=RCC_MCO
PA9.GPIOParameters=GPIO_Label
PA9.GPIO_Label=PWM_RF
PA9.Locked=true
PA9.Signal=S_TIM1_CH2
PB10.Locked=true
PB10.Mode=Asynchronous
PB10.Signal=USART3_TX
PB11.Mode=Asynchronous
PB11.Signal=USART3_RX
PB12.GPIOParameters=GPIO_Label
PB12.GPIO_Label=FR_LF
PB12.Locked=true
PB12.Signal=GPIO_Output
PB13.Mode=CTS_RTS
PB13.Signal=USART3_CTS
PB14.Mode=CTS_RTS
PB14.Signal=USART3_RTS
PB15.GPIOParameters=GPIO_Label
PB15.GPIO_Label=FR_RF
PB15.Locked=true
PB15.Signal=GPIO_Output
PB3.GPIOParameters=GPIO_Label
PB3.GPIO_Label=PWM_RB
PB3.Signal=S_TIM2_CH2
PB6.Mode=Asynchronous
PB6.Signal=USART1_TX
PB7.Mode=Asynchronous
PB7.Signal=USART1_RX
PB8.GPIOParameters=GPIO_Label
PB8.GPIO_Label=LED4
PB8.Locked=true
PB8.Signal=GPIO_Output
PB9.GPIOParameters=GPIO_Label
PB9.GPIO_Label=LED5
PB9.Locked=true
PB9.Signal=GPIO_Output
PC13.GPIOParameters=GPIO_Label
PC13.GPIO_Label=LED2
PC13.Locked=true
PC13.Signal=GPIO_Output
PC14-OSC32_IN.GPIOParameters=GPIO_Label
PC14-OSC32_IN.GPIO_Label=LED3
PC14-OSC32_IN.Locked=true
PC14-OSC32_IN.Signal=GPIO_Output
PCC.Checker=false
PCC.Line=STM32F302
PCC.MCU=STM32F302C(B-C)Tx
PCC.PartNumber=STM32F302CBTx
PCC.Seq0=0
PCC.Series=STM32F3
PCC.Temperature=25
PCC.Vdd=3.6
PF0-OSC_IN.Mode=HSE-External-Oscillator
PF0-OSC_IN.Signal=RCC_OSC_IN
PF1-OSC_OUT.Mode=HSE-External-Oscillator
PF1-OSC_OUT.Signal=RCC_OSC_OUT
PinOutPanel.RotationAngle=0
ProjectManager.AskForMigrate=true
ProjectManager.BackupPrevious=false
ProjectManager.CompilerOptimize=2
ProjectManager.ComputerToolchain=false
ProjectManager.CoupleFile=true
ProjectManager.CustomerFirmwarePackage=C\:/Users/Leon/STM32Cube/Repository/STM32Cube_FW_F3_V1.9.0
ProjectManager.DefaultFWLocation=true
ProjectManager.DeletePrevious=true
ProjectManager.DeviceId=STM32F302CBTx
ProjectManager.FirmwarePackage=STM32Cube FW_F3 V1.9.0
ProjectManager.FreePins=false
ProjectManager.HalAssertFull=false
ProjectManager.HeapSize=0x200
ProjectManager.KeepUserCode=true
ProjectManager.LastFirmware=true
ProjectManager.LibraryCopy=1
ProjectManager.PreviousToolchain=SW4STM32
ProjectManager.ProjectBuild=false
ProjectManager.ProjectFileName=motors.ioc
ProjectManager.ProjectName=motors
ProjectManager.StackSize=0x400
ProjectManager.TargetToolchain=SW4STM32
ProjectManager.ToolChainLocation=
ProjectManager.UnderRoot=true
ProjectManager.functionlistsort=1-MX_GPIO_Init-GPIO-false-HAL-true,2-SystemClock_Config-RCC-false-HAL-true,3-MX_USART3_UART_Init-USART3-false-HAL-true,4-MX_TIM1_Init-TIM1-false-HAL-true,5-MX_USART1_UART_Init-USART1-false-HAL-true,6-MX_TIM2_Init-TIM2-false-HAL-true
RCC.ADC12outputFreq_Value=48000000
RCC.AHBFreq_Value=48000000
RCC.APB1CLKDivider=RCC_HCLK_DIV2
RCC.APB1Freq_Value=24000000
RCC.APB1TimFreq_Value=48000000
RCC.APB2Freq_Value=48000000
RCC.APB2TimFreq_Value=48000000
RCC.CortexFreq_Value=48000000
RCC.FCLKCortexFreq_Value=48000000
RCC.FamilyName=M
RCC.HCLKFreq_Value=48000000
RCC.HSEPLLFreq_Value=8000000
RCC.HSE_VALUE=8000000
RCC.HSIPLLFreq_Value=4000000
RCC.HSI_VALUE=8000000
RCC.I2C1Freq_Value=8000000
RCC.I2C2Freq_Value=8000000
RCC.IPParameters=ADC12outputFreq_Value,AHBFreq_Value,APB1CLKDivider,APB1Freq_Value,APB1TimFreq_Value,APB2Freq_Value,APB2TimFreq_Value,CortexFreq_Value,FCLKCortexFreq_Value,FamilyName,HCLKFreq_Value,HSEPLLFreq_Value,HSE_VALUE,HSIPLLFreq_Value,HSI_VALUE,I2C1Freq_Value,I2C2Freq_Value,LSE_VALUE,LSI_VALUE,MCOFreq_Value,PLLCLKFreq_Value,PLLMCOFreq_Value,PLLMUL,PLLSourceVirtual,RCC_MCOSource,RTCFreq_Value,RTCHSEDivFreq_Value,SYSCLKFreq_VALUE,SYSCLKSourceVirtual,TIM1Freq_Value,TIM2Freq_Value,USART1Freq_Value,USART2Freq_Value,USART3Freq_Value,USBFreq_Value,VCOOutput2Freq_Value
RCC.LSE_VALUE=32768
RCC.LSI_VALUE=40000
RCC.MCOFreq_Value=8000000
RCC.PLLCLKFreq_Value=48000000
RCC.PLLMCOFreq_Value=24000000
RCC.PLLMUL=RCC_PLL_MUL6
RCC.PLLSourceVirtual=RCC_PLLSOURCE_HSE
RCC.RCC_MCOSource=RCC_MCO1SOURCE_HSE
RCC.RTCFreq_Value=40000
RCC.RTCHSEDivFreq_Value=250000
RCC.SYSCLKFreq_VALUE=48000000
RCC.SYSCLKSourceVirtual=RCC_SYSCLKSOURCE_PLLCLK
RCC.TIM1Freq_Value=48000000
RCC.TIM2Freq_Value=48000000
RCC.USART1Freq_Value=48000000
RCC.USART2Freq_Value=24000000
RCC.USART3Freq_Value=24000000
RCC.USBFreq_Value=48000000
RCC.VCOOutput2Freq_Value=8000000
SH.GPXTI0.0=GPIO_EXTI0
SH.GPXTI0.ConfNb=1
SH.GPXTI1.0=GPIO_EXTI1
SH.GPXTI1.ConfNb=1
SH.GPXTI2.0=GPIO_EXTI2
SH.GPXTI2.ConfNb=1
SH.GPXTI3.0=GPIO_EXTI3
SH.GPXTI3.ConfNb=1
SH.GPXTI4.0=GPIO_EXTI4
SH.GPXTI4.ConfNb=1
SH.GPXTI5.0=GPIO_EXTI5
SH.GPXTI5.ConfNb=1
SH.GPXTI6.0=GPIO_EXTI6
SH.GPXTI6.ConfNb=1
SH.GPXTI7.0=GPIO_EXTI7
SH.GPXTI7.ConfNb=1
SH.S_TIM1_CH2.0=TIM1_CH2,PWM Generation2 CH2
SH.S_TIM1_CH2.ConfNb=1
SH.S_TIM1_CH3.0=TIM1_CH3,Output Compare3 CH3
SH.S_TIM1_CH3.ConfNb=1
SH.S_TIM1_CH4.0=TIM1_CH4,PWM Generation4 CH4
SH.S_TIM1_CH4.ConfNb=1
SH.S_TIM2_CH2.0=TIM2_CH2,PWM Generation2 CH2
SH.S_TIM2_CH2.ConfNb=1
TIM1.Channel-Output\ Compare3\ CH3=TIM_CHANNEL_3
TIM1.Channel-PWM\ Generation2\ CH2=TIM_CHANNEL_2
TIM1.Channel-PWM\ Generation4\ CH4=TIM_CHANNEL_4
TIM1.IPParameters=Channel-PWM Generation2 CH2,Channel-Output Compare3 CH3,Channel-PWM Generation4 CH4,Prescaler,Period
TIM1.Period=2400
TIM1.Prescaler=0
TIM2.Channel-PWM\ Generation2\ CH2=TIM_CHANNEL_2
TIM2.IPParameters=Channel-PWM Generation2 CH2,Prescaler,Period
TIM2.Period=10000
TIM2.Prescaler=47
USART1.BaudRate=115200
USART1.IPParameters=VirtualMode-Asynchronous,BaudRate,SwapParam
USART1.SwapParam=ADVFEATURE_SWAP_ENABLE
USART1.VirtualMode-Asynchronous=VM_ASYNC
USART3.BaudRate=115200
USART3.IPParameters=VirtualMode-Asynchronous,BaudRate,SwapParam
USART3.SwapParam=ADVFEATURE_SWAP_DISABLE
USART3.VirtualMode-Asynchronous=VM_ASYNC
VP_SYS_VS_Systick.Mode=SysTick
VP_SYS_VS_Systick.Signal=SYS_VS_Systick
board=motors
